
Microsoft Visual Studio Solution File, Format Version 12.00
# Visual Studio Version 16
VisualStudioVersion = 16.0.31729.503
MinimumVisualStudioVersion = 10.0.40219.1
Project("{9A19103F-16F7-4668-BE54-9A1E7A4F7556}") = "ConsoleApp6", "ConsoleApp6\ConsoleApp6.csproj", "{2B3B6EAD-8DDE-4CEC-ABC7-10397C308273}"
EndProject
Project("{FAE04EC0-301F-11D3-BF4B-00C04F79EFBC}") = "TestProject1", "TestProject1\TestProject1.csproj", "{E4237D06-22A4-481E-A217-555F974BCD9E}"
EndProject
Global
	GlobalSection(SolutionConfigurationPlatforms) = preSolution
		Debug|Any CPU = Debug|Any CPU
		Release|Any CPU = Release|Any CPU
	EndGlobalSection
	GlobalSection(ProjectConfigurationPlatforms) = postSolution
		{2B3B6EAD-8DDE-4CEC-ABC7-10397C308273}.Debug|Any CPU.ActiveCfg = Debug|Any CPU
		{2B3B6EAD-8DDE-4CEC-ABC7-10397C308273}.Debug|Any CPU.Build.0 = Debug|Any CPU
		{2B3B6EAD-8DDE-4CEC-ABC7-10397C308273}.Release|Any CPU.ActiveCfg = Release|Any CPU
		{2B3B6EAD-8DDE-4CEC-ABC7-10397C308273}.Release|Any CPU.Build.0 = Release|Any CPU
		{E4237D06-22A4-481E-A217-555F974BCD9E}.Debug|Any CPU.ActiveCfg = Debug|Any CPU
		{E4237D06-22A4-481E-A217-555F974BCD9E}.Debug|Any CPU.Build.0 = Debug|Any CPU
		{E4237D06-22A4-481E-A217-555F974BCD9E}.Release|Any CPU.ActiveCfg = Release|Any CPU
		{E4237D06-22A4-481E-A217-555F974BCD9E}.Release|Any CPU.Build.0 = Release|Any CPU
	EndGlobalSection
	GlobalSection(SolutionProperties) = preSolution
		HideSolutionNode = FALSE
	EndGlobalSection
	GlobalSection(ExtensibilityGlobals) = postSolution
		SolutionGuid = {4F8DD530-A8B9-4295-BA62-59DA58932C5D}
	EndGlobalSection
EndGlobal
